schema: '2.0'
stages:
  Data_Ingestion:
    cmd: python src\data\Data_Ingestion.py
    deps:
    - path: src\data\Data_Ingestion.py
      hash: md5
      md5: da6ac3bda0dd21e68e1a17e1d6821782
      size: 3471
    params:
      params.yaml:
        Data_Ingestion.test_size: 0.4
    outs:
    - path: data\raw\test.csv
      hash: md5
      md5: 8d028d8e5c28585383276fd4538c8c39
      size: 332828
    - path: data\raw\train.csv
      hash: md5
      md5: 3aa2c149180d8f56d4acdf630b608979
      size: 495145
  data_preprocessing:
    cmd: python src\data\data_preprocessing.py
    deps:
    - path: data\raw\test.csv
      hash: md5
      md5: 8d028d8e5c28585383276fd4538c8c39
      size: 332828
    - path: data\raw\train.csv
      hash: md5
      md5: 3aa2c149180d8f56d4acdf630b608979
      size: 495145
    - path: src\data\data_preprocessing.py
      hash: md5
      md5: 6d68c4464d9b972dc840aaead0ba06af
      size: 4057
    outs:
    - path: data\processed\test.csv
      hash: md5
      md5: edadc2b328531fd362d9db7d4838250b
      size: 227810
    - path: data\processed\train.csv
      hash: md5
      md5: 7e9214ed333be88bfa1c3d2475204133
      size: 338400
  build_features:
    cmd: python src/features/build_features.py
    deps:
    - path: data/processed/test.csv
      hash: md5
      md5: edadc2b328531fd362d9db7d4838250b
      size: 227810
    - path: data\processed\train.csv
      hash: md5
      md5: 7e9214ed333be88bfa1c3d2475204133
      size: 338400
    - path: src\features\build_features.py
      hash: md5
      md5: 302e6a728f7cf49382b0b977d6b7292a
      size: 3457
    params:
      params.yaml:
        build_features.max_features: 2000
    outs:
    - path: data/interim/test_tfidf.csv
      hash: md5
      md5: bbddc69de3dd877e4df30666f48c6986
      size: 33588963
    - path: data/interim/train_tfidf.csv
      hash: md5
      md5: cefbfb0a92f20fb85566df2a784a94b8
      size: 50395279
  train_model:
    cmd: python src\models\train_model.py
    deps:
    - path: data\interim\train_tfidf.csv
      hash: md5
      md5: cefbfb0a92f20fb85566df2a784a94b8
      size: 50395279
    - path: src\models\train_model.py
      hash: md5
      md5: be09f6260340ff523988bbdb9e176f93
      size: 2795
    params:
      params.yaml:
        train_model.max_depth: 20
        train_model.n_estimators: 200
    outs:
    - path: models/random_forest_model.pkl
      hash: md5
      md5: 8d14ed6c093f4177202fb825e4aff264
      size: 5401846
  predict_model:
    cmd: python src\models\predict_model.py
    deps:
    - path: data/interim/test_tfidf.csv
      hash: md5
      md5: bbddc69de3dd877e4df30666f48c6986
      size: 33588963
    - path: models/random_forest_model.pkl
      hash: md5
      md5: 8d14ed6c093f4177202fb825e4aff264
      size: 5401846
    - path: src\models\predict_model.py
      hash: md5
      md5: 48d3ff1bf15233d0a7a578b88314f619
      size: 2741
    outs:
    - path: reports/metrics.json
      hash: md5
      md5: bfe3338f78484099944541999d4a5f7c
      size: 148
